
Microsoft Visual Studio Solution File, Format Version 12.00
# Visual Studio Version 16
VisualStudioVersion = 16.0.34031.81
MinimumVisualStudioVersion = 10.0.40219.1
Project("{FAE04EC0-301F-11D3-BF4B-00C04F79EFBC}") = "Megha_Stick", "Megha_Stick.csproj", "{48D58067-98BB-47A9-9E30-7A296934C751}"
EndProject
Global
	GlobalSection(SolutionConfigurationPlatforms) = preSolution
		Debug|Any CPU = Debug|Any CPU
		Release|Any CPU = Release|Any CPU
	EndGlobalSection
	GlobalSection(ProjectConfigurationPlatforms) = postSolution
		{48D58067-98BB-47A9-9E30-7A296934C751}.Debug|Any CPU.ActiveCfg = Debug|Any CPU
		{48D58067-98BB-47A9-9E30-7A296934C751}.Debug|Any CPU.Build.0 = Debug|Any CPU
		{48D58067-98BB-47A9-9E30-7A296934C751}.Release|Any CPU.ActiveCfg = Release|Any CPU
		{48D58067-98BB-47A9-9E30-7A296934C751}.Release|Any CPU.Build.0 = Release|Any CPU
	EndGlobalSection
	GlobalSection(SolutionProperties) = preSolution
		HideSolutionNode = FALSE
	EndGlobalSection
	GlobalSection(ExtensibilityGlobals) = postSolution
		SolutionGuid = {D1E4A2C7-E0D9-41A0-B216-CB98D52BC448}
	EndGlobalSection
EndGlobal
